<?xml version="1.0" encoding="UTF-8" standalone="yes" ?>
<CodeBlocks_project_file>
	<FileVersion major="1" minor="6" />
	<Project>
		<Option title="simula" />
		<Option pch_mode="2" />
		<Option compiler="mingw32" />
		<Build>
			<Target title="Debug">
				<Option output="bin/Debug/simula" prefix_auto="1" extension_auto="1" />
				<Option object_output="obj/Debug/" />
				<Option type="3" />
				<Option compiler="mingw32" />
				<Option createDefFile="1" />
				<Option createStaticLib="1" />
				<Compiler>
					<Add option="-Wall" />
					<Add option="-g" />
					<Add option="-DBUILD_DLL" />
				</Compiler>
				<Linker>
					<Add library="user32" />
				</Linker>
			</Target>
			<Target title="Release">
				<Option output="bin/Release/simula" prefix_auto="1" extension_auto="1" />
				<Option object_output="obj/Release/" />
				<Option type="3" />
				<Option compiler="mingw32" />
				<Option createDefFile="1" />
				<Option createStaticLib="1" />
				<Compiler>
					<Add option="-Wall" />
					<Add option="-DBUILD_DLL" />
					<Add option="-O3" />
				</Compiler>
				<Linker>
					<Add option="-s" />
					<Add library="user32" />
				</Linker>
			</Target>
		</Build>
		<Compiler>
			<Add option="-std=c++17" />
			<Add option="-Wno-invalid-offsetof" />
			<Add directory="../sentinel/include" />
		</Compiler>
		<Linker>
			<Add option="-static" />
			<Add library="sentutil" />
			<Add library="sentinel" />
			<Add directory="../sentinel/bin/$(TARGET_NAME)" />
			<Add directory="../sentutil/bin/$(TARGET_NAME)" />
		</Linker>
		<Unit filename="cbspgraph.cpp" />
		<Unit filename="cbspgraph.hpp" />
		<Unit filename="commands.cpp" />
		<Unit filename="commands.hpp" />
		<Unit filename="filters.cpp" />
		<Unit filename="filters.hpp" />
		<Unit filename="main.cpp" />
		<Unit filename="main.h" />
		<Unit filename="nav.cpp" />
		<Unit filename="nav.hpp" />
		<Unit filename="pregraph.hpp" />
		<Unit filename="program_state.cpp" />
		<Unit filename="program_state.hpp" />
		<Unit filename="vector_extensions.hpp" />
		<Extensions>
			<lib_finder disable_auto="1" />
		</Extensions>
	</Project>
</CodeBlocks_project_file>
