<?xml version="1.0" encoding="UTF-8" standalone="yes" ?>
<CodeBlocks_project_file>
	<FileVersion major="1" minor="6" />
	<Project>
		<Option title="sentutil" />
		<Option pch_mode="2" />
		<Option compiler="mingw32" />
		<Build>
			<Target title="Debug">
				<Option output="bin/Debug/sentutil" prefix_auto="1" extension_auto="1" />
				<Option working_dir="" />
				<Option object_output="obj/Debug/" />
				<Option type="2" />
				<Option compiler="mingw32" />
				<Option createDefFile="1" />
				<Compiler>
					<Add option="-Wall" />
					<Add option="-g" />
				</Compiler>
				<Linker>
					<Add directory="../sentinel/bin/Debug" />
				</Linker>
			</Target>
			<Target title="Release">
				<Option output="bin/Release/sentutil" prefix_auto="1" extension_auto="1" />
				<Option working_dir="" />
				<Option object_output="obj/Release/" />
				<Option type="2" />
				<Option compiler="mingw32" />
				<Option createDefFile="1" />
				<Compiler>
					<Add option="-fexpensive-optimizations" />
					<Add option="-flto" />
					<Add option="-O3" />
					<Add option="-Wall" />
				</Compiler>
				<Linker>
					<Add option="-flto" />
					<Add option="-s" />
					<Add directory="../sentinel/bin/Release" />
				</Linker>
			</Target>
		</Build>
		<Compiler>
			<Add option="-Wno-invalid-offsetof" />
			<Add option="-std=c++2a" />
			<Add directory="../sentinel/include" />
			<Add directory="include" />
		</Compiler>
		<Linker>
			<Add library="sentinel" />
		</Linker>
		<Unit filename="chat.cpp" />
		<Unit filename="console.cpp" />
		<Unit filename="globals.cpp" />
		<Unit filename="include/sentutil/all.hpp" />
		<Unit filename="include/sentutil/chat.hpp" />
		<Unit filename="include/sentutil/color.hpp" />
		<Unit filename="include/sentutil/console.hpp" />
		<Unit filename="include/sentutil/constants.hpp" />
		<Unit filename="include/sentutil/controls.hpp" />
		<Unit filename="include/sentutil/effect.hpp" />
		<Unit filename="include/sentutil/events.hpp" />
		<Unit filename="include/sentutil/globals.hpp" />
		<Unit filename="include/sentutil/impl/impl_object.hpp" />
		<Unit filename="include/sentutil/impl/impl_script.hpp" />
		<Unit filename="include/sentutil/impl/impl_utility.hpp" />
		<Unit filename="include/sentutil/object.hpp" />
		<Unit filename="include/sentutil/raycast.hpp" />
		<Unit filename="include/sentutil/script.hpp" />
		<Unit filename="include/sentutil/simulation.hpp" />
		<Unit filename="include/sentutil/tag.hpp" />
		<Unit filename="include/sentutil/utility.hpp" />
		<Unit filename="object.cpp" />
		<Unit filename="raycast.cpp" />
		<Unit filename="script.cpp" />
		<Unit filename="simulation.cpp" />
		<Unit filename="tag.cpp" />
		<Unit filename="utility.cpp" />
		<Extensions>
			<lib_finder disable_auto="1" />
		</Extensions>
	</Project>
</CodeBlocks_project_file>
